{
  "nodes": {
    "flake-utils": {
      "locked": {
        "lastModified": 1601282935,
        "narHash": "sha256-WQAFV6sGGQxrRs3a+/Yj9xUYvhTpukQJIcMbIi7LCJ4=",
        "owner": "numtide",
        "repo": "flake-utils",
        "rev": "588973065fce51f4763287f0fda87a174d78bf48",
        "type": "github"
      },
      "original": {
        "owner": "numtide",
        "repo": "flake-utils",
        "type": "github"
      }
    },
    "mach-nix": {
      "inputs": {
        "flake-utils": "flake-utils",
        "nixpkgs": [
          "nixpkgs"
        ],
        "pypi-deps-db": "pypi-deps-db"
      },
      "locked": {
        "lastModified": 1625744778,
        "narHash": "sha256-9Ynbc/fIHZWBSU8DUzOhpX0b5bDDCAH7esGIIPLhHlo=",
        "owner": "DavHau",
        "repo": "mach-nix",
        "rev": "d884751a1c5942529ec8daf9d11ec516f8397b86",
        "type": "github"
      },
      "original": {
        "owner": "DavHau",
        "ref": "master",
        "repo": "mach-nix",
        "type": "github"
      }
    },
    "nixpkgs": {
      "locked": {
        "lastModified": 1627460592,
        "narHash": "sha256-jdJqJi9DSPiGOY9xlZSi0ufDJpS6ezvDdx8AQq5VuyI=",
        "owner": "NixOS",
        "repo": "nixpkgs",
        "rev": "382039c05a16827a7f0731183e862366b66b422f",
        "type": "github"
      },
      "original": {
        "owner": "NixOS",
        "ref": "nixos-21.05",
        "repo": "nixpkgs",
        "type": "github"
      }
    },
    "pypi-deps-db": {
      "flake": false,
      "locked": {
        "lastModified": 1622970040,
        "narHash": "sha256-u//RFnae/XMIhoy83G2uH2Qu/1LiUhVCdwwY1xj4Ufs=",
        "owner": "DavHau",
        "repo": "pypi-deps-db",
        "rev": "be6591698c67a86a69c81fef72167e38d038a9fc",
        "type": "github"
      },
      "original": {
        "owner": "DavHau",
        "repo": "pypi-deps-db",
        "type": "github"
      }
    },
    "root": {
      "inputs": {
        "mach-nix": "mach-nix",
        "nixpkgs": "nixpkgs"
      }
    }
  },
  "root": "root",
  "version": 7
}
