{
  "nodes": {
    "flake-utils": {
      "locked": {
        "lastModified": 1620759905,
        "narHash": "sha256-WiyWawrgmyN0EdmiHyG2V+fqReiVi8bM9cRdMaKQOFg=",
        "owner": "numtide",
        "repo": "flake-utils",
        "rev": "b543720b25df6ffdfcf9227afafc5b8c1fabfae8",
        "type": "github"
      },
      "original": {
        "owner": "numtide",
        "repo": "flake-utils",
        "type": "github"
      }
    },
    "mach-nix": {
      "inputs": {
        "flake-utils": [
          "flake-utils"
        ],
        "nixpkgs": [
          "nixpkgs"
        ],
        "pypi-deps-db": "pypi-deps-db"
      },
      "locked": {
        "lastModified": 1621069734,
        "narHash": "sha256-XYEFgeFkzwR1jd2a0U+VAqH7qMPqj62KOFIIfQrY+8g=",
        "owner": "DavHau",
        "repo": "mach-nix",
        "rev": "5ad199c3d5616cb317763bd78b19944a090e544b",
        "type": "github"
      },
      "original": {
        "owner": "DavHau",
        "ref": "master",
        "repo": "mach-nix",
        "type": "github"
      }
    },
    "nixpkgs": {
      "locked": {
        "lastModified": 1627460592,
        "narHash": "sha256-jdJqJi9DSPiGOY9xlZSi0ufDJpS6ezvDdx8AQq5VuyI=",
        "owner": "NixOS",
        "repo": "nixpkgs",
        "rev": "382039c05a16827a7f0731183e862366b66b422f",
        "type": "github"
      },
      "original": {
        "owner": "NixOS",
        "ref": "nixos-21.05",
        "repo": "nixpkgs",
        "type": "github"
      }
    },
    "pypi-deps-db": {
      "flake": false,
      "locked": {
        "lastModified": 1620853232,
        "narHash": "sha256-SeePgys1mlGUrN/YhCRoo8nApRx5H+KKjyKM1zQ+yAE=",
        "owner": "DavHau",
        "repo": "pypi-deps-db",
        "rev": "15175225c8295e08e5b95b2965892820a64e9746",
        "type": "github"
      },
      "original": {
        "owner": "DavHau",
        "repo": "pypi-deps-db",
        "type": "github"
      }
    },
    "root": {
      "inputs": {
        "flake-utils": "flake-utils",
        "mach-nix": "mach-nix",
        "nixpkgs": "nixpkgs",
        "tinybeachthor": "tinybeachthor"
      }
    },
    "tinybeachthor": {
      "inputs": {
        "nixpkgs": [
          "nixpkgs"
        ]
      },
      "locked": {
        "lastModified": 1618229792,
        "narHash": "sha256-SD5Ni8gY0wXTNYK2EvnoRGrffz9GmVaao3u8G3M4+ow=",
        "owner": "tinybeachthor",
        "repo": "nur-packages",
        "rev": "63cc6cefe64a4e73ee7d89e0cfcd72f144852a36",
        "type": "github"
      },
      "original": {
        "owner": "tinybeachthor",
        "ref": "master",
        "repo": "nur-packages",
        "type": "github"
      }
    }
  },
  "root": "root",
  "version": 7
}
